
Microsoft Visual Studio Solution File, Format Version 12.00
# Visual Studio Version 17
VisualStudioVersion = 17.14.35906.104 d17.14
MinimumVisualStudioVersion = 10.0.40219.1
Project("{FAE04EC0-301F-11D3-BF4B-00C04F79EFBC}") = "Tazuki", "Tazuki.csproj", "{2D1014AD-CFAF-43AF-B20F-37458C684F22}"
EndProject
Global
	GlobalSection(SolutionConfigurationPlatforms) = preSolution
		Debug|Any CPU = Debug|Any CPU
		Release|Any CPU = Release|Any CPU
	EndGlobalSection
	GlobalSection(ProjectConfigurationPlatforms) = postSolution
		{2D1014AD-CFAF-43AF-B20F-37458C684F22}.Debug|Any CPU.ActiveCfg = Debug|Any CPU
		{2D1014AD-CFAF-43AF-B20F-37458C684F22}.Debug|Any CPU.Build.0 = Debug|Any CPU
		{2D1014AD-CFAF-43AF-B20F-37458C684F22}.Release|Any CPU.ActiveCfg = Release|Any CPU
		{2D1014AD-CFAF-43AF-B20F-37458C684F22}.Release|Any CPU.Build.0 = Release|Any CPU
	EndGlobalSection
	GlobalSection(SolutionProperties) = preSolution
		HideSolutionNode = FALSE
	EndGlobalSection
	GlobalSection(ExtensibilityGlobals) = postSolution
		SolutionGuid = {BC5D8CA9-1DE8-4F1B-9CB7-A859130BE09E}
	EndGlobalSection
EndGlobal
